// !$*UTF8*$!
{
	archiveVersion = 1;
	classes = {
	};
	objectVersion = 77;
	objects = {

/* Begin PBXBuildFile section */
		061332F8D8D1F8E6C28E586C /* AmountEntrySheet.swift in Sources */ = {isa = PBXBuildFile; fileRef = 8DAFA21B9587E64911398712 /* AmountEntrySheet.swift */; };
		1C7D1E60B9E1C0ED2B68695C /* BudgetApp.swift in Sources */ = {isa = PBXBuildFile; fileRef = 345B8B1D2F7640B5BD488CC5 /* BudgetApp.swift */; };
		24D2DF0E338E0D3EB0214160 /* BudgetStore.swift in Sources */ = {isa = PBXBuildFile; fileRef = C0F54FD8485C5094B1549BA4 /* BudgetStore.swift */; };
		275159167A7F21F7675898CC /* Models.swift in Sources */ = {isa = PBXBuildFile; fileRef = E89F51C6B4CA0F51B718C87A /* Models.swift */; };
		2EB83E5A60367F46C6DA3327 /* Theme.swift in Sources */ = {isa = PBXBuildFile; fileRef = 64232CC5D1E67D0F003D0E4D /* Theme.swift */; };
		31F2F72DF7D578EF2BAD2F8D /* Backdrop.swift in Sources */ = {isa = PBXBuildFile; fileRef = 8B35BDC97A954A54ADBF5095 /* Backdrop.swift */; };
		3DE4F56DFC8212B780CBF578 /* BudgetWidget.appex in Embed Foundation Extensions */ = {isa = PBXBuildFile; fileRef = ED5821212D41459999239808 /* BudgetWidget.appex */; settings = {ATTRIBUTES = (RemoveHeadersOnCopy, ); }; };
		44DD0F6050BD3268D28CBAB6 /* SettingsView.swift in Sources */ = {isa = PBXBuildFile; fileRef = B4BF71773EB8E387B45D2AE8 /* SettingsView.swift */; };
		58B76EB15C4828BAFA368F82 /* CalendarView.swift in Sources */ = {isa = PBXBuildFile; fileRef = AE3EF6B57302C2B07155E005 /* CalendarView.swift */; };
		618A83A49FECB7B995167A4E /* UpcomingWidget.swift in Sources */ = {isa = PBXBuildFile; fileRef = 7AB59905B2BA9E80E9A7FE5C /* UpcomingWidget.swift */; };
		65AF510D3F2CC86B72E7EE1B /* BudgetWidget.swift in Sources */ = {isa = PBXBuildFile; fileRef = B5A0BB068D94B38899FC7926 /* BudgetWidget.swift */; };
		7277281EF4CBEFEA98268804 /* HomeView.swift in Sources */ = {isa = PBXBuildFile; fileRef = EB99B81BD921471F6018DF67 /* HomeView.swift */; };
		C5DE2D5E16C4A268C88988DA /* BudgetStore.swift in Sources */ = {isa = PBXBuildFile; fileRef = C0F54FD8485C5094B1549BA4 /* BudgetStore.swift */; };
		C97D4994AC7EB38F45B35155 /* Reminders.swift in Sources */ = {isa = PBXBuildFile; fileRef = 30BAF7398015D1480E9E3634 /* Reminders.swift */; };
		E958D55032B04D3046C50129 /* Models.swift in Sources */ = {isa = PBXBuildFile; fileRef = E89F51C6B4CA0F51B718C87A /* Models.swift */; };
		F59F55BB6C88EABFCEBACB4A /* Assets.xcassets in Resources */ = {isa = PBXBuildFile; fileRef = BD73972A0F6B343B607D6750 /* Assets.xcassets */; };
		F772467DEC92EA530D996347 /* Theme.swift in Sources */ = {isa = PBXBuildFile; fileRef = 64232CC5D1E67D0F003D0E4D /* Theme.swift */; };
/* End PBXBuildFile section */

/* Begin PBXContainerItemProxy section */
		21700D91F980104D867E8FB2 /* PBXContainerItemProxy */ = {
			isa = PBXContainerItemProxy;
			containerPortal = AD37C1DD4FBCA4DC6B085CD1 /* Project object */;
			proxyType = 1;
			remoteGlobalIDString = 3618F629118332DD2090CFD4;
			remoteInfo = BudgetWidget;
		};
/* End PBXContainerItemProxy section */

/* Begin PBXCopyFilesBuildPhase section */
		7D5914C14E4EC2B380981D19 /* Embed Foundation Extensions */ = {
			isa = PBXCopyFilesBuildPhase;
			buildActionMask = 2147483647;
			dstPath = "";
			dstSubfolderSpec = 13;
			files = (
				3DE4F56DFC8212B780CBF578 /* BudgetWidget.appex in Embed Foundation Extensions */,
			);
			name = "Embed Foundation Extensions";
			runOnlyForDeploymentPostprocessing = 0;
		};
/* End PBXCopyFilesBuildPhase section */

/* Begin PBXFileReference section */
		30BAF7398015D1480E9E3634 /* Reminders.swift */ = {isa = PBXFileReference; lastKnownFileType = sourcecode.swift; path = Reminders.swift; sourceTree = "<group>"; };
		345B8B1D2F7640B5BD488CC5 /* BudgetApp.swift */ = {isa = PBXFileReference; lastKnownFileType = sourcecode.swift; path = BudgetApp.swift; sourceTree = "<group>"; };
		432EA0F6AC45A778D84D77E8 /* BudgetWidget.entitlements */ = {isa = PBXFileReference; lastKnownFileType = text.plist.entitlements; path = BudgetWidget.entitlements; sourceTree = "<group>"; };
		5D4070DC93D13B19958B946B /* BudgetApp.app */ = {isa = PBXFileReference; includeInIndex = 0; lastKnownFileType = wrapper.application; path = BudgetApp.app; sourceTree = BUILT_PRODUCTS_DIR; };
		64232CC5D1E67D0F003D0E4D /* Theme.swift */ = {isa = PBXFileReference; lastKnownFileType = sourcecode.swift; path = Theme.swift; sourceTree = "<group>"; };
		7AB59905B2BA9E80E9A7FE5C /* UpcomingWidget.swift */ = {isa = PBXFileReference; lastKnownFileType = sourcecode.swift; path = UpcomingWidget.swift; sourceTree = "<group>"; };
		8B35BDC97A954A54ADBF5095 /* Backdrop.swift */ = {isa = PBXFileReference; lastKnownFileType = sourcecode.swift; path = Backdrop.swift; sourceTree = "<group>"; };
		8CBCB363B9F2E3314E0E44A8 /* BudgetApp.entitlements */ = {isa = PBXFileReference; lastKnownFileType = text.plist.entitlements; path = BudgetApp.entitlements; sourceTree = "<group>"; };
		8DAFA21B9587E64911398712 /* AmountEntrySheet.swift */ = {isa = PBXFileReference; lastKnownFileType = sourcecode.swift; path = AmountEntrySheet.swift; sourceTree = "<group>"; };
		AE3EF6B57302C2B07155E005 /* CalendarView.swift */ = {isa = PBXFileReference; lastKnownFileType = sourcecode.swift; path = CalendarView.swift; sourceTree = "<group>"; };
		AF68652946628528C38DD512 /* Info.plist */ = {isa = PBXFileReference; lastKnownFileType = text.plist; path = Info.plist; sourceTree = "<group>"; };
		B4BF71773EB8E387B45D2AE8 /* SettingsView.swift */ = {isa = PBXFileReference; lastKnownFileType = sourcecode.swift; path = SettingsView.swift; sourceTree = "<group>"; };
		B5A0BB068D94B38899FC7926 /* BudgetWidget.swift */ = {isa = PBXFileReference; lastKnownFileType = sourcecode.swift; path = BudgetWidget.swift; sourceTree = "<group>"; };
		BD73972A0F6B343B607D6750 /* Assets.xcassets */ = {isa = PBXFileReference; lastKnownFileType = folder.assetcatalog; path = Assets.xcassets; sourceTree = "<group>"; };
		C0F54FD8485C5094B1549BA4 /* BudgetStore.swift */ = {isa = PBXFileReference; lastKnownFileType = sourcecode.swift; path = BudgetStore.swift; sourceTree = "<group>"; };
		E89F51C6B4CA0F51B718C87A /* Models.swift */ = {isa = PBXFileReference; lastKnownFileType = sourcecode.swift; path = Models.swift; sourceTree = "<group>"; };
		EB99B81BD921471F6018DF67 /* HomeView.swift */ = {isa = PBXFileReference; lastKnownFileType = sourcecode.swift; path = HomeView.swift; sourceTree = "<group>"; };
		ED5821212D41459999239808 /* BudgetWidget.appex */ = {isa = PBXFileReference; includeInIndex = 0; lastKnownFileType = "wrapper.app-extension"; path = BudgetWidget.appex; sourceTree = BUILT_PRODUCTS_DIR; };
/* End PBXFileReference section */

/* Begin PBXGroup section */
		52BC1C0F6F62E9ACDB1AD219 /* BudgetWidget */ = {
			isa = PBXGroup;
			children = (
				432EA0F6AC45A778D84D77E8 /* BudgetWidget.entitlements */,
				B5A0BB068D94B38899FC7926 /* BudgetWidget.swift */,
				AF68652946628528C38DD512 /* Info.plist */,
				7AB59905B2BA9E80E9A7FE5C /* UpcomingWidget.swift */,
			);
			path = BudgetWidget;
			sourceTree = "<group>";
		};
		57F785105A3E16BE29FE4152 = {
			isa = PBXGroup;
			children = (
				E7B3E1F17E00FB7963AA3BF8 /* BudgetApp */,
				52BC1C0F6F62E9ACDB1AD219 /* BudgetWidget */,
				D022D078AB2D1CC929A0E9B5 /* Products */,
			);
			sourceTree = "<group>";
		};
		D022D078AB2D1CC929A0E9B5 /* Products */ = {
			isa = PBXGroup;
			children = (
				5D4070DC93D13B19958B946B /* BudgetApp.app */,
				ED5821212D41459999239808 /* BudgetWidget.appex */,
			);
			name = Products;
			sourceTree = "<group>";
		};
		E7B3E1F17E00FB7963AA3BF8 /* BudgetApp */ = {
			isa = PBXGroup;
			children = (
				8DAFA21B9587E64911398712 /* AmountEntrySheet.swift */,
				BD73972A0F6B343B607D6750 /* Assets.xcassets */,
				8B35BDC97A954A54ADBF5095 /* Backdrop.swift */,
				8CBCB363B9F2E3314E0E44A8 /* BudgetApp.entitlements */,
				345B8B1D2F7640B5BD488CC5 /* BudgetApp.swift */,
				C0F54FD8485C5094B1549BA4 /* BudgetStore.swift */,
				AE3EF6B57302C2B07155E005 /* CalendarView.swift */,
				EB99B81BD921471F6018DF67 /* HomeView.swift */,
				E89F51C6B4CA0F51B718C87A /* Models.swift */,
				30BAF7398015D1480E9E3634 /* Reminders.swift */,
				B4BF71773EB8E387B45D2AE8 /* SettingsView.swift */,
				64232CC5D1E67D0F003D0E4D /* Theme.swift */,
			);
			path = BudgetApp;
			sourceTree = "<group>";
		};
/* End PBXGroup section */

/* Begin PBXNativeTarget section */
		3618F629118332DD2090CFD4 /* BudgetWidget */ = {
			isa = PBXNativeTarget;
			buildConfigurationList = 803B8D436B10510F802DA1A4 /* Build configuration list for PBXNativeTarget "BudgetWidget" */;
			buildPhases = (
				239EAEDE13E3B60CE877E7E5 /* Sources */,
			);
			buildRules = (
			);
			dependencies = (
			);
			name = BudgetWidget;
			packageProductDependencies = (
			);
			productName = BudgetWidget;
			productReference = ED5821212D41459999239808 /* BudgetWidget.appex */;
			productType = "com.apple.product-type.app-extension";
		};
		DE51103439BB9A5389F0B595 /* BudgetApp */ = {
			isa = PBXNativeTarget;
			buildConfigurationList = 3AEA90FA53A09785181AAB36 /* Build configuration list for PBXNativeTarget "BudgetApp" */;
			buildPhases = (
				99EB62D84F2C312B4DC5C0BC /* Sources */,
				8BC7C989813DBB8B32BBE5CA /* Resources */,
				7D5914C14E4EC2B380981D19 /* Embed Foundation Extensions */,
			);
			buildRules = (
			);
			dependencies = (
				7E1212827DA92929A303C0AC /* PBXTargetDependency */,
			);
			name = BudgetApp;
			packageProductDependencies = (
			);
			productName = BudgetApp;
			productReference = 5D4070DC93D13B19958B946B /* BudgetApp.app */;
			productType = "com.apple.product-type.application";
		};
/* End PBXNativeTarget section */

/* Begin PBXProject section */
		AD37C1DD4FBCA4DC6B085CD1 /* Project object */ = {
			isa = PBXProject;
			attributes = {
				BuildIndependentTargetsInParallel = YES;
				LastUpgradeCheck = 1430;
				TargetAttributes = {
				};
			};
			buildConfigurationList = EDEA1E200035DB87626E68D9 /* Build configuration list for PBXProject "BudgetApp" */;
			developmentRegion = en;
			hasScannedForEncodings = 0;
			knownRegions = (
				Base,
				en,
			);
			mainGroup = 57F785105A3E16BE29FE4152;
			minimizedProjectReferenceProxies = 1;
			preferredProjectObjectVersion = 77;
			productRefGroup = D022D078AB2D1CC929A0E9B5 /* Products */;
			projectDirPath = "";
			projectRoot = "";
			targets = (
				DE51103439BB9A5389F0B595 /* BudgetApp */,
				3618F629118332DD2090CFD4 /* BudgetWidget */,
			);
		};
/* End PBXProject section */

/* Begin PBXResourcesBuildPhase section */
		8BC7C989813DBB8B32BBE5CA /* Resources */ = {
			isa = PBXResourcesBuildPhase;
			buildActionMask = 2147483647;
			files = (
				F59F55BB6C88EABFCEBACB4A /* Assets.xcassets in Resources */,
			);
			runOnlyForDeploymentPostprocessing = 0;
		};
/* End PBXResourcesBuildPhase section */

/* Begin PBXSourcesBuildPhase section */
		239EAEDE13E3B60CE877E7E5 /* Sources */ = {
			isa = PBXSourcesBuildPhase;
			buildActionMask = 2147483647;
			files = (
				24D2DF0E338E0D3EB0214160 /* BudgetStore.swift in Sources */,
				65AF510D3F2CC86B72E7EE1B /* BudgetWidget.swift in Sources */,
				E958D55032B04D3046C50129 /* Models.swift in Sources */,
				F772467DEC92EA530D996347 /* Theme.swift in Sources */,
				618A83A49FECB7B995167A4E /* UpcomingWidget.swift in Sources */,
			);
			runOnlyForDeploymentPostprocessing = 0;
		};
		99EB62D84F2C312B4DC5C0BC /* Sources */ = {
			isa = PBXSourcesBuildPhase;
			buildActionMask = 2147483647;
			files = (
				061332F8D8D1F8E6C28E586C /* AmountEntrySheet.swift in Sources */,
				31F2F72DF7D578EF2BAD2F8D /* Backdrop.swift in Sources */,
				1C7D1E60B9E1C0ED2B68695C /* BudgetApp.swift in Sources */,
				C5DE2D5E16C4A268C88988DA /* BudgetStore.swift in Sources */,
				58B76EB15C4828BAFA368F82 /* CalendarView.swift in Sources */,
				7277281EF4CBEFEA98268804 /* HomeView.swift in Sources */,
				275159167A7F21F7675898CC /* Models.swift in Sources */,
				C97D4994AC7EB38F45B35155 /* Reminders.swift in Sources */,
				44DD0F6050BD3268D28CBAB6 /* SettingsView.swift in Sources */,
				2EB83E5A60367F46C6DA3327 /* Theme.swift in Sources */,
			);
			runOnlyForDeploymentPostprocessing = 0;
		};
/* End PBXSourcesBuildPhase section */

/* Begin PBXTargetDependency section */
		7E1212827DA92929A303C0AC /* PBXTargetDependency */ = {
			isa = PBXTargetDependency;
			target = 3618F629118332DD2090CFD4 /* BudgetWidget */;
			targetProxy = 21700D91F980104D867E8FB2 /* PBXContainerItemProxy */;
		};
/* End PBXTargetDependency section */

/* Begin XCBuildConfiguration section */
		12AF16EA39274E5B52D7CD65 /* Debug */ = {
			isa = XCBuildConfiguration;
			buildSettings = {
				CODE_SIGN_ENTITLEMENTS = BudgetWidget/BudgetWidget.entitlements;
				INFOPLIST_FILE = BudgetWidget/Info.plist;
				IPHONEOS_DEPLOYMENT_TARGET = 17.0;
				LD_RUNPATH_SEARCH_PATHS = (
					"$(inherited)",
					"@executable_path/Frameworks",
					"@executable_path/../../Frameworks",
				);
				PRODUCT_BUNDLE_IDENTIFIER = com.masonrichards.budgetapp.widget;
				SDKROOT = iphoneos;
				TARGETED_DEVICE_FAMILY = "1,2";
			};
			name = Debug;
		};
		7C2647C2DEC68A6FA740A621 /* Debug */ = {
			isa = XCBuildConfiguration;
			buildSettings = {
				ASSETCATALOG_COMPILER_APPICON_NAME = AppIcon;
				CODE_SIGN_ENTITLEMENTS = BudgetApp/BudgetApp.entitlements;
				CODE_SIGN_IDENTITY = "iPhone Developer";
				GENERATE_INFOPLIST_FILE = YES;
				INFOPLIST_KEY_CFBundleDisplayName = "Daily Budget";
				INFOPLIST_KEY_UILaunchScreen_Generation = YES;
				INFOPLIST_KEY_UISupportedInterfaceOrientations_iPhone = UIInterfaceOrientationPortrait;
				IPHONEOS_DEPLOYMENT_TARGET = 17.0;
				LD_RUNPATH_SEARCH_PATHS = (
					"$(inherited)",
					"@executable_path/Frameworks",
				);
				PRODUCT_BUNDLE_IDENTIFIER = com.masonrichards.budgetapp;
				SDKROOT = iphoneos;
				TARGETED_DEVICE_FAMILY = "1,2";
			};
			name = Debug;
		};
		C64B2F3D0BFA69E2DEEF78BD /* Debug */ = {
			isa = XCBuildConfiguration;
			buildSettings = {
				ALWAYS_SEARCH_USER_PATHS = NO;
				CLANG_ANALYZER_NONNULL = YES;
				CLANG_ANALYZER_NUMBER_OBJECT_CONVERSION = YES_AGGRESSIVE;
				CLANG_CXX_LANGUAGE_STANDARD = "gnu++14";
				CLANG_CXX_LIBRARY = "libc++";
				CLANG_ENABLE_MODULES = YES;
				CLANG_ENABLE_OBJC_ARC = YES;
				CLANG_ENABLE_OBJC_WEAK = YES;
				CLANG_WARN_BLOCK_CAPTURE_AUTORELEASING = YES;
				CLANG_WARN_BOOL_CONVERSION = YES;
				CLANG_WARN_COMMA = YES;
				CLANG_WARN_CONSTANT_CONVERSION = YES;
				CLANG_WARN_DEPRECATED_OBJC_IMPLEMENTATIONS = YES;
				CLANG_WARN_DIRECT_OBJC_ISA_USAGE = YES_ERROR;
				CLANG_WARN_DOCUMENTATION_COMMENTS = YES;
				CLANG_WARN_EMPTY_BODY = YES;
				CLANG_WARN_ENUM_CONVERSION = YES;
				CLANG_WARN_INFINITE_RECURSION = YES;
				CLANG_WARN_INT_CONVERSION = YES;
				CLANG_WARN_NON_LITERAL_NULL_CONVERSION = YES;
				CLANG_WARN_OBJC_IMPLICIT_RETAIN_SELF = YES;
				CLANG_WARN_OBJC_LITERAL_CONVERSION = YES;
				CLANG_WARN_OBJC_ROOT_CLASS = YES_ERROR;
				CLANG_WARN_QUOTED_INCLUDE_IN_FRAMEWORK_HEADER = YES;
				CLANG_WARN_RANGE_LOOP_ANALYSIS = YES;
				CLANG_WARN_STRICT_PROTOTYPES = YES;
				CLANG_WARN_SUSPICIOUS_MOVE = YES;
				CLANG_WARN_UNGUARDED_AVAILABILITY = YES_AGGRESSIVE;
				CLANG_WARN_UNREACHABLE_CODE = YES;
				CLANG_WARN__DUPLICATE_METHOD_MATCH = YES;
				COPY_PHASE_STRIP = NO;
				CURRENT_PROJECT_VERSION = 1;
				DEBUG_INFORMATION_FORMAT = dwarf;
				ENABLE_STRICT_OBJC_MSGSEND = YES;
				ENABLE_TESTABILITY = YES;
				GCC_C_LANGUAGE_STANDARD = gnu11;
				GCC_DYNAMIC_NO_PIC = NO;
				GCC_NO_COMMON_BLOCKS = YES;
				GCC_OPTIMIZATION_LEVEL = 0;
				GCC_PREPROCESSOR_DEFINITIONS = (
					"$(inherited)",
					"DEBUG=1",
				);
				GCC_WARN_64_TO_32_BIT_CONVERSION = YES;
				GCC_WARN_ABOUT_RETURN_TYPE = YES_ERROR;
				GCC_WARN_UNDECLARED_SELECTOR = YES;
				GCC_WARN_UNINITIALIZED_AUTOS = YES_AGGRESSIVE;
				GCC_WARN_UNUSED_FUNCTION = YES;
				GCC_WARN_UNUSED_VARIABLE = YES;
				MARKETING_VERSION = 1.0;
				MTL_ENABLE_DEBUG_INFO = INCLUDE_SOURCE;
				MTL_FAST_MATH = YES;
				ONLY_ACTIVE_ARCH = YES;
				PRODUCT_NAME = "$(TARGET_NAME)";
				SDKROOT = iphoneos;
				SWIFT_ACTIVE_COMPILATION_CONDITIONS = DEBUG;
				SWIFT_OPTIMIZATION_LEVEL = "-Onone";
				SWIFT_VERSION = 5.0;
			};
			name = Debug;
		};
		CC3A34267B27B949B21062B1 /* Release */ = {
			isa = XCBuildConfiguration;
			buildSettings = {
				CODE_SIGN_ENTITLEMENTS = BudgetWidget/BudgetWidget.entitlements;
				INFOPLIST_FILE = BudgetWidget/Info.plist;
				IPHONEOS_DEPLOYMENT_TARGET = 17.0;
				LD_RUNPATH_SEARCH_PATHS = (
					"$(inherited)",
					"@executable_path/Frameworks",
					"@executable_path/../../Frameworks",
				);
				PRODUCT_BUNDLE_IDENTIFIER = com.masonrichards.budgetapp.widget;
				SDKROOT = iphoneos;
				TARGETED_DEVICE_FAMILY = "1,2";
			};
			name = Release;
		};
		EED9580D3231581FFC9B93D3 /* Release */ = {
			isa = XCBuildConfiguration;
			buildSettings = {
				ASSETCATALOG_COMPILER_APPICON_NAME = AppIcon;
				CODE_SIGN_ENTITLEMENTS = BudgetApp/BudgetApp.entitlements;
				CODE_SIGN_IDENTITY = "iPhone Developer";
				GENERATE_INFOPLIST_FILE = YES;
				INFOPLIST_KEY_CFBundleDisplayName = "Daily Budget";
				INFOPLIST_KEY_UILaunchScreen_Generation = YES;
				INFOPLIST_KEY_UISupportedInterfaceOrientations_iPhone = UIInterfaceOrientationPortrait;
				IPHONEOS_DEPLOYMENT_TARGET = 17.0;
				LD_RUNPATH_SEARCH_PATHS = (
					"$(inherited)",
					"@executable_path/Frameworks",
				);
				PRODUCT_BUNDLE_IDENTIFIER = com.masonrichards.budgetapp;
				SDKROOT = iphoneos;
				TARGETED_DEVICE_FAMILY = "1,2";
			};
			name = Release;
		};
		F7F73AD2E5860F442EDE1D93 /* Release */ = {
			isa = XCBuildConfiguration;
			buildSettings = {
				ALWAYS_SEARCH_USER_PATHS = NO;
				CLANG_ANALYZER_NONNULL = YES;
				CLANG_ANALYZER_NUMBER_OBJECT_CONVERSION = YES_AGGRESSIVE;
				CLANG_CXX_LANGUAGE_STANDARD = "gnu++14";
				CLANG_CXX_LIBRARY = "libc++";
				CLANG_ENABLE_MODULES = YES;
				CLANG_ENABLE_OBJC_ARC = YES;
				CLANG_ENABLE_OBJC_WEAK = YES;
				CLANG_WARN_BLOCK_CAPTURE_AUTORELEASING = YES;
				CLANG_WARN_BOOL_CONVERSION = YES;
				CLANG_WARN_COMMA = YES;
				CLANG_WARN_CONSTANT_CONVERSION = YES;
				CLANG_WARN_DEPRECATED_OBJC_IMPLEMENTATIONS = YES;
				CLANG_WARN_DIRECT_OBJC_ISA_USAGE = YES_ERROR;
				CLANG_WARN_DOCUMENTATION_COMMENTS = YES;
				CLANG_WARN_EMPTY_BODY = YES;
				CLANG_WARN_ENUM_CONVERSION = YES;
				CLANG_WARN_INFINITE_RECURSION = YES;
				CLANG_WARN_INT_CONVERSION = YES;
				CLANG_WARN_NON_LITERAL_NULL_CONVERSION = YES;
				CLANG_WARN_OBJC_IMPLICIT_RETAIN_SELF = YES;
				CLANG_WARN_OBJC_LITERAL_CONVERSION = YES;
				CLANG_WARN_OBJC_ROOT_CLASS = YES_ERROR;
				CLANG_WARN_QUOTED_INCLUDE_IN_FRAMEWORK_HEADER = YES;
				CLANG_WARN_RANGE_LOOP_ANALYSIS = YES;
				CLANG_WARN_STRICT_PROTOTYPES = YES;
				CLANG_WARN_SUSPICIOUS_MOVE = YES;
				CLANG_WARN_UNGUARDED_AVAILABILITY = YES_AGGRESSIVE;
				CLANG_WARN_UNREACHABLE_CODE = YES;
				CLANG_WARN__DUPLICATE_METHOD_MATCH = YES;
				COPY_PHASE_STRIP = NO;
				CURRENT_PROJECT_VERSION = 1;
				DEBUG_INFORMATION_FORMAT = "dwarf-with-dsym";
				ENABLE_NS_ASSERTIONS = NO;
				ENABLE_STRICT_OBJC_MSGSEND = YES;
				GCC_C_LANGUAGE_STANDARD = gnu11;
				GCC_NO_COMMON_BLOCKS = YES;
				GCC_WARN_64_TO_32_BIT_CONVERSION = YES;
				GCC_WARN_ABOUT_RETURN_TYPE = YES_ERROR;
				GCC_WARN_UNDECLARED_SELECTOR = YES;
				GCC_WARN_UNINITIALIZED_AUTOS = YES_AGGRESSIVE;
				GCC_WARN_UNUSED_FUNCTION = YES;
				GCC_WARN_UNUSED_VARIABLE = YES;
				MARKETING_VERSION = 1.0;
				MTL_ENABLE_DEBUG_INFO = NO;
				MTL_FAST_MATH = YES;
				PRODUCT_NAME = "$(TARGET_NAME)";
				SDKROOT = iphoneos;
				SWIFT_COMPILATION_MODE = wholemodule;
				SWIFT_OPTIMIZATION_LEVEL = "-O";
				SWIFT_VERSION = 5.0;
			};
			name = Release;
		};
/* End XCBuildConfiguration section */

/* Begin XCConfigurationList section */
		3AEA90FA53A09785181AAB36 /* Build configuration list for PBXNativeTarget "BudgetApp" */ = {
			isa = XCConfigurationList;
			buildConfigurations = (
				7C2647C2DEC68A6FA740A621 /* Debug */,
				EED9580D3231581FFC9B93D3 /* Release */,
			);
			defaultConfigurationIsVisible = 0;
			defaultConfigurationName = Debug;
		};
		803B8D436B10510F802DA1A4 /* Build configuration list for PBXNativeTarget "BudgetWidget" */ = {
			isa = XCConfigurationList;
			buildConfigurations = (
				12AF16EA39274E5B52D7CD65 /* Debug */,
				CC3A34267B27B949B21062B1 /* Release */,
			);
			defaultConfigurationIsVisible = 0;
			defaultConfigurationName = Debug;
		};
		EDEA1E200035DB87626E68D9 /* Build configuration list for PBXProject "BudgetApp" */ = {
			isa = XCConfigurationList;
			buildConfigurations = (
				C64B2F3D0BFA69E2DEEF78BD /* Debug */,
				F7F73AD2E5860F442EDE1D93 /* Release */,
			);
			defaultConfigurationIsVisible = 0;
			defaultConfigurationName = Debug;
		};
/* End XCConfigurationList section */
	};
	rootObject = AD37C1DD4FBCA4DC6B085CD1 /* Project object */;
}
